// !$*UTF8*$!
{
	archiveVersion = 1;
	classes = {
	};
	objectVersion = 50;
	objects = {

/* Begin PBXBuildFile section */
		D49EE5B0FD5C8BEF1AC1E02A /* libPods-projectOne.a in Frameworks */ = {isa = PBXBuildFile; fileRef = 35C4705D8C5823761706AE93 /* libPods-projectOne.a */; };
		E09226492627D0B700ED244B /* AppDelegate.m in Sources */ = {isa = PBXBuildFile; fileRef = E09226482627D0B700ED244B /* AppDelegate.m */; };
		E092264C2627D0B700ED244B /* SceneDelegate.m in Sources */ = {isa = PBXBuildFile; fileRef = E092264B2627D0B700ED244B /* SceneDelegate.m */; };
		E092264F2627D0B800ED244B /* ViewController.m in Sources */ = {isa = PBXBuildFile; fileRef = E092264E2627D0B800ED244B /* ViewController.m */; };
		E09226522627D0B800ED244B /* Main.storyboard in Resources */ = {isa = PBXBuildFile; fileRef = E09226502627D0B800ED244B /* Main.storyboard */; };
		E09226542627D0B800ED244B /* Assets.xcassets in Resources */ = {isa = PBXBuildFile; fileRef = E09226532627D0B800ED244B /* Assets.xcassets */; };
		E09226572627D0B800ED244B /* LaunchScreen.storyboard in Resources */ = {isa = PBXBuildFile; fileRef = E09226552627D0B800ED244B /* LaunchScreen.storyboard */; };
		E092265A2627D0B800ED244B /* main.m in Sources */ = {isa = PBXBuildFile; fileRef = E09226592627D0B800ED244B /* main.m */; };
		E092269C2628344100ED244B /* Target_One.m in Sources */ = {isa = PBXBuildFile; fileRef = E092269B2628344100ED244B /* Target_One.m */; };
		E09226A42628348B00ED244B /* AccountLoginViewController.m in Sources */ = {isa = PBXBuildFile; fileRef = E092269E2628348B00ED244B /* AccountLoginViewController.m */; };
		E09226A52628348B00ED244B /* AccountRegisterViewController.m in Sources */ = {isa = PBXBuildFile; fileRef = E09226A02628348B00ED244B /* AccountRegisterViewController.m */; };
		E09226A62628348B00ED244B /* AccountUserViewController.m in Sources */ = {isa = PBXBuildFile; fileRef = E09226A32628348B00ED244B /* AccountUserViewController.m */; };
		E09226AA2628349200ED244B /* AccountUserService.m in Sources */ = {isa = PBXBuildFile; fileRef = E09226A92628349200ED244B /* AccountUserService.m */; };
/* End PBXBuildFile section */

/* Begin PBXFileReference section */
		35C4705D8C5823761706AE93 /* libPods-projectOne.a */ = {isa = PBXFileReference; explicitFileType = archive.ar; includeInIndex = 0; path = "libPods-projectOne.a"; sourceTree = BUILT_PRODUCTS_DIR; };
		4CCE1E5FE59F3571D54479DC /* Pods-projectOne.debug.xcconfig */ = {isa = PBXFileReference; includeInIndex = 1; lastKnownFileType = text.xcconfig; name = "Pods-projectOne.debug.xcconfig"; path = "Target Support Files/Pods-projectOne/Pods-projectOne.debug.xcconfig"; sourceTree = "<group>"; };
		DDE9256F3D1B8606E9205F94 /* Pods-projectOne.release.xcconfig */ = {isa = PBXFileReference; includeInIndex = 1; lastKnownFileType = text.xcconfig; name = "Pods-projectOne.release.xcconfig"; path = "Target Support Files/Pods-projectOne/Pods-projectOne.release.xcconfig"; sourceTree = "<group>"; };
		E09226442627D0B700ED244B /* projectOne.app */ = {isa = PBXFileReference; explicitFileType = wrapper.application; includeInIndex = 0; path = projectOne.app; sourceTree = BUILT_PRODUCTS_DIR; };
		E09226472627D0B700ED244B /* AppDelegate.h */ = {isa = PBXFileReference; lastKnownFileType = sourcecode.c.h; path = AppDelegate.h; sourceTree = "<group>"; };
		E09226482627D0B700ED244B /* AppDelegate.m */ = {isa = PBXFileReference; lastKnownFileType = sourcecode.c.objc; path = AppDelegate.m; sourceTree = "<group>"; };
		E092264A2627D0B700ED244B /* SceneDelegate.h */ = {isa = PBXFileReference; lastKnownFileType = sourcecode.c.h; path = SceneDelegate.h; sourceTree = "<group>"; };
		E092264B2627D0B700ED244B /* SceneDelegate.m */ = {isa = PBXFileReference; lastKnownFileType = sourcecode.c.objc; path = SceneDelegate.m; sourceTree = "<group>"; };
		E092264D2627D0B700ED244B /* ViewController.h */ = {isa = PBXFileReference; lastKnownFileType = sourcecode.c.h; path = ViewController.h; sourceTree = "<group>"; };
		E092264E2627D0B800ED244B /* ViewController.m */ = {isa = PBXFileReference; lastKnownFileType = sourcecode.c.objc; path = ViewController.m; sourceTree = "<group>"; };
		E09226512627D0B800ED244B /* Base */ = {isa = PBXFileReference; lastKnownFileType = file.storyboard; name = Base; path = Base.lproj/Main.storyboard; sourceTree = "<group>"; };
		E09226532627D0B800ED244B /* Assets.xcassets */ = {isa = PBXFileReference; lastKnownFileType = folder.assetcatalog; path = Assets.xcassets; sourceTree = "<group>"; };
		E09226562627D0B800ED244B /* Base */ = {isa = PBXFileReference; lastKnownFileType = file.storyboard; name = Base; path = Base.lproj/LaunchScreen.storyboard; sourceTree = "<group>"; };
		E09226582627D0B800ED244B /* Info.plist */ = {isa = PBXFileReference; lastKnownFileType = text.plist.xml; path = Info.plist; sourceTree = "<group>"; };
		E09226592627D0B800ED244B /* main.m */ = {isa = PBXFileReference; lastKnownFileType = sourcecode.c.objc; path = main.m; sourceTree = "<group>"; };
		E092269A2628344100ED244B /* Target_One.h */ = {isa = PBXFileReference; fileEncoding = 4; lastKnownFileType = sourcecode.c.h; path = Target_One.h; sourceTree = "<group>"; };
		E092269B2628344100ED244B /* Target_One.m */ = {isa = PBXFileReference; fileEncoding = 4; lastKnownFileType = sourcecode.c.objc; path = Target_One.m; sourceTree = "<group>"; };
		E092269E2628348B00ED244B /* AccountLoginViewController.m */ = {isa = PBXFileReference; fileEncoding = 4; lastKnownFileType = sourcecode.c.objc; path = AccountLoginViewController.m; sourceTree = "<group>"; };
		E092269F2628348B00ED244B /* AccountLoginViewController.h */ = {isa = PBXFileReference; fileEncoding = 4; lastKnownFileType = sourcecode.c.h; path = AccountLoginViewController.h; sourceTree = "<group>"; };
		E09226A02628348B00ED244B /* AccountRegisterViewController.m */ = {isa = PBXFileReference; fileEncoding = 4; lastKnownFileType = sourcecode.c.objc; path = AccountRegisterViewController.m; sourceTree = "<group>"; };
		E09226A12628348B00ED244B /* AccountRegisterViewController.h */ = {isa = PBXFileReference; fileEncoding = 4; lastKnownFileType = sourcecode.c.h; path = AccountRegisterViewController.h; sourceTree = "<group>"; };
		E09226A22628348B00ED244B /* AccountUserViewController.h */ = {isa = PBXFileReference; fileEncoding = 4; lastKnownFileType = sourcecode.c.h; path = AccountUserViewController.h; sourceTree = "<group>"; };
		E09226A32628348B00ED244B /* AccountUserViewController.m */ = {isa = PBXFileReference; fileEncoding = 4; lastKnownFileType = sourcecode.c.objc; path = AccountUserViewController.m; sourceTree = "<group>"; };
		E09226A82628349200ED244B /* AccountUserService.h */ = {isa = PBXFileReference; fileEncoding = 4; lastKnownFileType = sourcecode.c.h; path = AccountUserService.h; sourceTree = "<group>"; };
		E09226A92628349200ED244B /* AccountUserService.m */ = {isa = PBXFileReference; fileEncoding = 4; lastKnownFileType = sourcecode.c.objc; path = AccountUserService.m; sourceTree = "<group>"; };
/* End PBXFileReference section */

/* Begin PBXFrameworksBuildPhase section */
		E09226412627D0B700ED244B /* Frameworks */ = {
			isa = PBXFrameworksBuildPhase;
			buildActionMask = 2147483647;
			files = (
				D49EE5B0FD5C8BEF1AC1E02A /* libPods-projectOne.a in Frameworks */,
			);
			runOnlyForDeploymentPostprocessing = 0;
		};
/* End PBXFrameworksBuildPhase section */

/* Begin PBXGroup section */
		57919C85C8618B0FFF2B6F2D /* Frameworks */ = {
			isa = PBXGroup;
			children = (
				35C4705D8C5823761706AE93 /* libPods-projectOne.a */,
			);
			name = Frameworks;
			sourceTree = "<group>";
		};
		6065A89AACD145A821BDDC67 /* Pods */ = {
			isa = PBXGroup;
			children = (
				4CCE1E5FE59F3571D54479DC /* Pods-projectOne.debug.xcconfig */,
				DDE9256F3D1B8606E9205F94 /* Pods-projectOne.release.xcconfig */,
			);
			path = Pods;
			sourceTree = "<group>";
		};
		E092263B2627D0B700ED244B = {
			isa = PBXGroup;
			children = (
				E09226462627D0B700ED244B /* projectOne */,
				E09226452627D0B700ED244B /* Products */,
				6065A89AACD145A821BDDC67 /* Pods */,
				57919C85C8618B0FFF2B6F2D /* Frameworks */,
			);
			sourceTree = "<group>";
		};
		E09226452627D0B700ED244B /* Products */ = {
			isa = PBXGroup;
			children = (
				E09226442627D0B700ED244B /* projectOne.app */,
			);
			name = Products;
			sourceTree = "<group>";
		};
		E09226462627D0B700ED244B /* projectOne */ = {
			isa = PBXGroup;
			children = (
				E09226992628344100ED244B /* projectOne */,
				E09226472627D0B700ED244B /* AppDelegate.h */,
				E09226482627D0B700ED244B /* AppDelegate.m */,
				E092264A2627D0B700ED244B /* SceneDelegate.h */,
				E092264B2627D0B700ED244B /* SceneDelegate.m */,
				E092264D2627D0B700ED244B /* ViewController.h */,
				E092264E2627D0B800ED244B /* ViewController.m */,
				E09226502627D0B800ED244B /* Main.storyboard */,
				E09226532627D0B800ED244B /* Assets.xcassets */,
				E09226552627D0B800ED244B /* LaunchScreen.storyboard */,
				E09226582627D0B800ED244B /* Info.plist */,
				E09226592627D0B800ED244B /* main.m */,
			);
			path = projectOne;
			sourceTree = "<group>";
		};
		E09226992628344100ED244B /* projectOne */ = {
			isa = PBXGroup;
			children = (
				E09226B026283C3C00ED244B /* Classes */,
			);
			path = projectOne;
			sourceTree = "<group>";
		};
		E09226AC262835FB00ED244B /* action */ = {
			isa = PBXGroup;
			children = (
				E092269A2628344100ED244B /* Target_One.h */,
				E092269B2628344100ED244B /* Target_One.m */,
			);
			path = action;
			sourceTree = "<group>";
		};
		E09226AD2628361000ED244B /* controller */ = {
			isa = PBXGroup;
			children = (
				E092269F2628348B00ED244B /* AccountLoginViewController.h */,
				E092269E2628348B00ED244B /* AccountLoginViewController.m */,
				E09226A12628348B00ED244B /* AccountRegisterViewController.h */,
				E09226A02628348B00ED244B /* AccountRegisterViewController.m */,
				E09226A22628348B00ED244B /* AccountUserViewController.h */,
				E09226A32628348B00ED244B /* AccountUserViewController.m */,
			);
			path = controller;
			sourceTree = "<group>";
		};
		E09226AE2628361B00ED244B /* model */ = {
			isa = PBXGroup;
			children = (
				E09226A82628349200ED244B /* AccountUserService.h */,
				E09226A92628349200ED244B /* AccountUserService.m */,
			);
			path = model;
			sourceTree = "<group>";
		};
		E09226B026283C3C00ED244B /* Classes */ = {
			isa = PBXGroup;
			children = (
				E09226AE2628361B00ED244B /* model */,
				E09226AD2628361000ED244B /* controller */,
				E09226AC262835FB00ED244B /* action */,
			);
			path = Classes;
			sourceTree = "<group>";
		};
/* End PBXGroup section */

/* Begin PBXNativeTarget section */
		E09226432627D0B700ED244B /* projectOne */ = {
			isa = PBXNativeTarget;
			buildConfigurationList = E092265D2627D0B800ED244B /* Build configuration list for PBXNativeTarget "projectOne" */;
			buildPhases = (
				E612F909E8C3FF197FDDB645 /* [CP] Check Pods Manifest.lock */,
				E09226402627D0B700ED244B /* Sources */,
				E09226412627D0B700ED244B /* Frameworks */,
				E09226422627D0B700ED244B /* Resources */,
			);
			buildRules = (
			);
			dependencies = (
			);
			name = projectOne;
			productName = projectOne;
			productReference = E09226442627D0B700ED244B /* projectOne.app */;
			productType = "com.apple.product-type.application";
		};
/* End PBXNativeTarget section */

/* Begin PBXProject section */
		E092263C2627D0B700ED244B /* Project object */ = {
			isa = PBXProject;
			attributes = {
				LastUpgradeCheck = 1230;
				TargetAttributes = {
					E09226432627D0B700ED244B = {
						CreatedOnToolsVersion = 12.3;
					};
				};
			};
			buildConfigurationList = E092263F2627D0B700ED244B /* Build configuration list for PBXProject "projectOne" */;
			compatibilityVersion = "Xcode 9.3";
			developmentRegion = en;
			hasScannedForEncodings = 0;
			knownRegions = (
				en,
				Base,
			);
			mainGroup = E092263B2627D0B700ED244B;
			productRefGroup = E09226452627D0B700ED244B /* Products */;
			projectDirPath = "";
			projectRoot = "";
			targets = (
				E09226432627D0B700ED244B /* projectOne */,
			);
		};
/* End PBXProject section */

/* Begin PBXResourcesBuildPhase section */
		E09226422627D0B700ED244B /* Resources */ = {
			isa = PBXResourcesBuildPhase;
			buildActionMask = 2147483647;
			files = (
				E09226572627D0B800ED244B /* LaunchScreen.storyboard in Resources */,
				E09226542627D0B800ED244B /* Assets.xcassets in Resources */,
				E09226522627D0B800ED244B /* Main.storyboard in Resources */,
			);
			runOnlyForDeploymentPostprocessing = 0;
		};
/* End PBXResourcesBuildPhase section */

/* Begin PBXShellScriptBuildPhase section */
		E612F909E8C3FF197FDDB645 /* [CP] Check Pods Manifest.lock */ = {
			isa = PBXShellScriptBuildPhase;
			buildActionMask = 2147483647;
			files = (
			);
			inputFileListPaths = (
			);
			inputPaths = (
				"${PODS_PODFILE_DIR_PATH}/Podfile.lock",
				"${PODS_ROOT}/Manifest.lock",
			);
			name = "[CP] Check Pods Manifest.lock";
			outputFileListPaths = (
			);
			outputPaths = (
				"$(DERIVED_FILE_DIR)/Pods-projectOne-checkManifestLockResult.txt",
			);
			runOnlyForDeploymentPostprocessing = 0;
			shellPath = /bin/sh;
			shellScript = "diff \"${PODS_PODFILE_DIR_PATH}/Podfile.lock\" \"${PODS_ROOT}/Manifest.lock\" > /dev/null\nif [ $? != 0 ] ; then\n    # print error to STDERR\n    echo \"error: The sandbox is not in sync with the Podfile.lock. Run 'pod install' or update your CocoaPods installation.\" >&2\n    exit 1\nfi\n# This output is used by Xcode 'outputs' to avoid re-running this script phase.\necho \"SUCCESS\" > \"${SCRIPT_OUTPUT_FILE_0}\"\n";
			showEnvVarsInLog = 0;
		};
/* End PBXShellScriptBuildPhase section */

/* Begin PBXSourcesBuildPhase section */
		E09226402627D0B700ED244B /* Sources */ = {
			isa = PBXSourcesBuildPhase;
			buildActionMask = 2147483647;
			files = (
				E09226AA2628349200ED244B /* AccountUserService.m in Sources */,
				E09226A42628348B00ED244B /* AccountLoginViewController.m in Sources */,
				E09226A62628348B00ED244B /* AccountUserViewController.m in Sources */,
				E09226A52628348B00ED244B /* AccountRegisterViewController.m in Sources */,
				E092269C2628344100ED244B /* Target_One.m in Sources */,
				E092264F2627D0B800ED244B /* ViewController.m in Sources */,
				E09226492627D0B700ED244B /* AppDelegate.m in Sources */,
				E092265A2627D0B800ED244B /* main.m in Sources */,
				E092264C2627D0B700ED244B /* SceneDelegate.m in Sources */,
			);
			runOnlyForDeploymentPostprocessing = 0;
		};
/* End PBXSourcesBuildPhase section */

/* Begin PBXVariantGroup section */
		E09226502627D0B800ED244B /* Main.storyboard */ = {
			isa = PBXVariantGroup;
			children = (
				E09226512627D0B800ED244B /* Base */,
			);
			name = Main.storyboard;
			sourceTree = "<group>";
		};
		E09226552627D0B800ED244B /* LaunchScreen.storyboard */ = {
			isa = PBXVariantGroup;
			children = (
				E09226562627D0B800ED244B /* Base */,
			);
			name = LaunchScreen.storyboard;
			sourceTree = "<group>";
		};
/* End PBXVariantGroup section */

/* Begin XCBuildConfiguration section */
		E092265B2627D0B800ED244B /* Debug */ = {
			isa = XCBuildConfiguration;
			buildSettings = {
				ALWAYS_SEARCH_USER_PATHS = NO;
				CLANG_ANALYZER_NONNULL = YES;
				CLANG_ANALYZER_NUMBER_OBJECT_CONVERSION = YES_AGGRESSIVE;
				CLANG_CXX_LANGUAGE_STANDARD = "gnu++14";
				CLANG_CXX_LIBRARY = "libc++";
				CLANG_ENABLE_MODULES = YES;
				CLANG_ENABLE_OBJC_ARC = YES;
				CLANG_ENABLE_OBJC_WEAK = YES;
				CLANG_WARN_BLOCK_CAPTURE_AUTORELEASING = YES;
				CLANG_WARN_BOOL_CONVERSION = YES;
				CLANG_WARN_COMMA = YES;
				CLANG_WARN_CONSTANT_CONVERSION = YES;
				CLANG_WARN_DEPRECATED_OBJC_IMPLEMENTATIONS = YES;
				CLANG_WARN_DIRECT_OBJC_ISA_USAGE = YES_ERROR;
				CLANG_WARN_DOCUMENTATION_COMMENTS = YES;
				CLANG_WARN_EMPTY_BODY = YES;
				CLANG_WARN_ENUM_CONVERSION = YES;
				CLANG_WARN_INFINITE_RECURSION = YES;
				CLANG_WARN_INT_CONVERSION = YES;
				CLANG_WARN_NON_LITERAL_NULL_CONVERSION = YES;
				CLANG_WARN_OBJC_IMPLICIT_RETAIN_SELF = YES;
				CLANG_WARN_OBJC_LITERAL_CONVERSION = YES;
				CLANG_WARN_OBJC_ROOT_CLASS = YES_ERROR;
				CLANG_WARN_QUOTED_INCLUDE_IN_FRAMEWORK_HEADER = YES;
				CLANG_WARN_RANGE_LOOP_ANALYSIS = YES;
				CLANG_WARN_STRICT_PROTOTYPES = YES;
				CLANG_WARN_SUSPICIOUS_MOVE = YES;
				CLANG_WARN_UNGUARDED_AVAILABILITY = YES_AGGRESSIVE;
				CLANG_WARN_UNREACHABLE_CODE = YES;
				CLANG_WARN__DUPLICATE_METHOD_MATCH = YES;
				COPY_PHASE_STRIP = NO;
				DEBUG_INFORMATION_FORMAT = dwarf;
				ENABLE_STRICT_OBJC_MSGSEND = YES;
				ENABLE_TESTABILITY = YES;
				GCC_C_LANGUAGE_STANDARD = gnu11;
				GCC_DYNAMIC_NO_PIC = NO;
				GCC_NO_COMMON_BLOCKS = YES;
				GCC_OPTIMIZATION_LEVEL = 0;
				GCC_PREPROCESSOR_DEFINITIONS = (
					"DEBUG=1",
					"$(inherited)",
				);
				GCC_WARN_64_TO_32_BIT_CONVERSION = YES;
				GCC_WARN_ABOUT_RETURN_TYPE = YES_ERROR;
				GCC_WARN_UNDECLARED_SELECTOR = YES;
				GCC_WARN_UNINITIALIZED_AUTOS = YES_AGGRESSIVE;
				GCC_WARN_UNUSED_FUNCTION = YES;
				GCC_WARN_UNUSED_VARIABLE = YES;
				IPHONEOS_DEPLOYMENT_TARGET = 14.3;
				MTL_ENABLE_DEBUG_INFO = INCLUDE_SOURCE;
				MTL_FAST_MATH = YES;
				ONLY_ACTIVE_ARCH = YES;
				SDKROOT = iphoneos;
			};
			name = Debug;
		};
		E092265C2627D0B800ED244B /* Release */ = {
			isa = XCBuildConfiguration;
			buildSettings = {
				ALWAYS_SEARCH_USER_PATHS = NO;
				CLANG_ANALYZER_NONNULL = YES;
				CLANG_ANALYZER_NUMBER_OBJECT_CONVERSION = YES_AGGRESSIVE;
				CLANG_CXX_LANGUAGE_STANDARD = "gnu++14";
				CLANG_CXX_LIBRARY = "libc++";
				CLANG_ENABLE_MODULES = YES;
				CLANG_ENABLE_OBJC_ARC = YES;
				CLANG_ENABLE_OBJC_WEAK = YES;
				CLANG_WARN_BLOCK_CAPTURE_AUTORELEASING = YES;
				CLANG_WARN_BOOL_CONVERSION = YES;
				CLANG_WARN_COMMA = YES;
				CLANG_WARN_CONSTANT_CONVERSION = YES;
				CLANG_WARN_DEPRECATED_OBJC_IMPLEMENTATIONS = YES;
				CLANG_WARN_DIRECT_OBJC_ISA_USAGE = YES_ERROR;
				CLANG_WARN_DOCUMENTATION_COMMENTS = YES;
				CLANG_WARN_EMPTY_BODY = YES;
				CLANG_WARN_ENUM_CONVERSION = YES;
				CLANG_WARN_INFINITE_RECURSION = YES;
				CLANG_WARN_INT_CONVERSION = YES;
				CLANG_WARN_NON_LITERAL_NULL_CONVERSION = YES;
				CLANG_WARN_OBJC_IMPLICIT_RETAIN_SELF = YES;
				CLANG_WARN_OBJC_LITERAL_CONVERSION = YES;
				CLANG_WARN_OBJC_ROOT_CLASS = YES_ERROR;
				CLANG_WARN_QUOTED_INCLUDE_IN_FRAMEWORK_HEADER = YES;
				CLANG_WARN_RANGE_LOOP_ANALYSIS = YES;
				CLANG_WARN_STRICT_PROTOTYPES = YES;
				CLANG_WARN_SUSPICIOUS_MOVE = YES;
				CLANG_WARN_UNGUARDED_AVAILABILITY = YES_AGGRESSIVE;
				CLANG_WARN_UNREACHABLE_CODE = YES;
				CLANG_WARN__DUPLICATE_METHOD_MATCH = YES;
				COPY_PHASE_STRIP = NO;
				DEBUG_INFORMATION_FORMAT = "dwarf-with-dsym";
				ENABLE_NS_ASSERTIONS = NO;
				ENABLE_STRICT_OBJC_MSGSEND = YES;
				GCC_C_LANGUAGE_STANDARD = gnu11;
				GCC_NO_COMMON_BLOCKS = YES;
				GCC_WARN_64_TO_32_BIT_CONVERSION = YES;
				GCC_WARN_ABOUT_RETURN_TYPE = YES_ERROR;
				GCC_WARN_UNDECLARED_SELECTOR = YES;
				GCC_WARN_UNINITIALIZED_AUTOS = YES_AGGRESSIVE;
				GCC_WARN_UNUSED_FUNCTION = YES;
				GCC_WARN_UNUSED_VARIABLE = YES;
				IPHONEOS_DEPLOYMENT_TARGET = 14.3;
				MTL_ENABLE_DEBUG_INFO = NO;
				MTL_FAST_MATH = YES;
				SDKROOT = iphoneos;
				VALIDATE_PRODUCT = YES;
			};
			name = Release;
		};
		E092265E2627D0B800ED244B /* Debug */ = {
			isa = XCBuildConfiguration;
			baseConfigurationReference = 4CCE1E5FE59F3571D54479DC /* Pods-projectOne.debug.xcconfig */;
			buildSettings = {
				ASSETCATALOG_COMPILER_APPICON_NAME = AppIcon;
				ASSETCATALOG_COMPILER_GLOBAL_ACCENT_COLOR_NAME = AccentColor;
				CODE_SIGN_STYLE = Automatic;
				INFOPLIST_FILE = projectOne/Info.plist;
				LD_RUNPATH_SEARCH_PATHS = (
					"$(inherited)",
					"@executable_path/Frameworks",
				);
				PRODUCT_BUNDLE_IDENTIFIER = e.projectOne;
				PRODUCT_NAME = "$(TARGET_NAME)";
				TARGETED_DEVICE_FAMILY = "1,2";
			};
			name = Debug;
		};
		E092265F2627D0B800ED244B /* Release */ = {
			isa = XCBuildConfiguration;
			baseConfigurationReference = DDE9256F3D1B8606E9205F94 /* Pods-projectOne.release.xcconfig */;
			buildSettings = {
				ASSETCATALOG_COMPILER_APPICON_NAME = AppIcon;
				ASSETCATALOG_COMPILER_GLOBAL_ACCENT_COLOR_NAME = AccentColor;
				CODE_SIGN_STYLE = Automatic;
				INFOPLIST_FILE = projectOne/Info.plist;
				LD_RUNPATH_SEARCH_PATHS = (
					"$(inherited)",
					"@executable_path/Frameworks",
				);
				PRODUCT_BUNDLE_IDENTIFIER = e.projectOne;
				PRODUCT_NAME = "$(TARGET_NAME)";
				TARGETED_DEVICE_FAMILY = "1,2";
			};
			name = Release;
		};
/* End XCBuildConfiguration section */

/* Begin XCConfigurationList section */
		E092263F2627D0B700ED244B /* Build configuration list for PBXProject "projectOne" */ = {
			isa = XCConfigurationList;
			buildConfigurations = (
				E092265B2627D0B800ED244B /* Debug */,
				E092265C2627D0B800ED244B /* Release */,
			);
			defaultConfigurationIsVisible = 0;
			defaultConfigurationName = Release;
		};
		E092265D2627D0B800ED244B /* Build configuration list for PBXNativeTarget "projectOne" */ = {
			isa = XCConfigurationList;
			buildConfigurations = (
				E092265E2627D0B800ED244B /* Debug */,
				E092265F2627D0B800ED244B /* Release */,
			);
			defaultConfigurationIsVisible = 0;
			defaultConfigurationName = Release;
		};
/* End XCConfigurationList section */
	};
	rootObject = E092263C2627D0B700ED244B /* Project object */;
}
